// !$*UTF8*$!
{
	archiveVersion = 1;
	classes = {
	};
	objectVersion = 50;
	objects = {

/* Begin PBXBuildFile section */
		003747BF248A2C170005CEC0 /* AppDelegate.swift in Sources */ = {isa = PBXBuildFile; fileRef = 003747BE248A2C170005CEC0 /* AppDelegate.swift */; };
		003747C3248A2C180005CEC0 /* Assets.xcassets in Resources */ = {isa = PBXBuildFile; fileRef = 003747C2248A2C180005CEC0 /* Assets.xcassets */; };
		003747C6248A2C180005CEC0 /* Main.storyboard in Resources */ = {isa = PBXBuildFile; fileRef = 003747C4248A2C180005CEC0 /* Main.storyboard */; };
		003747D7248AB42D0005CEC0 /* BackgroundTimer.swift in Sources */ = {isa = PBXBuildFile; fileRef = 003747D6248AB42D0005CEC0 /* BackgroundTimer.swift */; };
		003747EE248AB9540005CEC0 /* smc.c in Sources */ = {isa = PBXBuildFile; fileRef = 003747ED248AB9540005CEC0 /* smc.c */; };
		003747F2248ABC810005CEC0 /* SMCObjC.m in Sources */ = {isa = PBXBuildFile; fileRef = 003747F1248ABC810005CEC0 /* SMCObjC.m */; };
		00EB72BD249687E200B9581B /* CPUTempHandler.swift in Sources */ = {isa = PBXBuildFile; fileRef = 00EB72BC249687E200B9581B /* CPUTempHandler.swift */; };
/* End PBXBuildFile section */

/* Begin PBXCopyFilesBuildPhase section */
		003747EB248AB7600005CEC0 /* Embed XPC Services */ = {
			isa = PBXCopyFilesBuildPhase;
			buildActionMask = 2147483647;
			dstPath = "$(CONTENTS_FOLDER_PATH)/XPCServices";
			dstSubfolderSpec = 16;
			files = (
			);
			name = "Embed XPC Services";
			runOnlyForDeploymentPostprocessing = 0;
		};
/* End PBXCopyFilesBuildPhase section */

/* Begin PBXFileReference section */
		003747BB248A2C170005CEC0 /* ThermalMonitor.app */ = {isa = PBXFileReference; explicitFileType = wrapper.application; includeInIndex = 0; path = ThermalMonitor.app; sourceTree = BUILT_PRODUCTS_DIR; };
		003747BE248A2C170005CEC0 /* AppDelegate.swift */ = {isa = PBXFileReference; lastKnownFileType = sourcecode.swift; path = AppDelegate.swift; sourceTree = "<group>"; };
		003747C2248A2C180005CEC0 /* Assets.xcassets */ = {isa = PBXFileReference; lastKnownFileType = folder.assetcatalog; path = Assets.xcassets; sourceTree = "<group>"; };
		003747C5248A2C180005CEC0 /* Base */ = {isa = PBXFileReference; lastKnownFileType = file.storyboard; name = Base; path = Base.lproj/Main.storyboard; sourceTree = "<group>"; };
		003747C7248A2C180005CEC0 /* Info.plist */ = {isa = PBXFileReference; lastKnownFileType = text.plist.xml; path = Info.plist; sourceTree = "<group>"; };
		003747C8248A2C180005CEC0 /* ThermalMonitor.entitlements */ = {isa = PBXFileReference; lastKnownFileType = text.plist.entitlements; path = ThermalMonitor.entitlements; sourceTree = "<group>"; };
		003747D6248AB42D0005CEC0 /* BackgroundTimer.swift */ = {isa = PBXFileReference; lastKnownFileType = sourcecode.swift; path = BackgroundTimer.swift; sourceTree = "<group>"; };
		003747EC248AB9540005CEC0 /* smc.h */ = {isa = PBXFileReference; lastKnownFileType = sourcecode.c.h; path = smc.h; sourceTree = "<group>"; };
		003747ED248AB9540005CEC0 /* smc.c */ = {isa = PBXFileReference; lastKnownFileType = sourcecode.c.c; path = smc.c; sourceTree = "<group>"; };
		003747F1248ABC810005CEC0 /* SMCObjC.m */ = {isa = PBXFileReference; lastKnownFileType = sourcecode.c.objc; path = SMCObjC.m; sourceTree = "<group>"; };
		003747F4248ABCD00005CEC0 /* SMCObjC.h */ = {isa = PBXFileReference; lastKnownFileType = sourcecode.c.h; path = SMCObjC.h; sourceTree = "<group>"; };
		003747F9248AC1580005CEC0 /* ThermalMonitor-Bridging-Header.h */ = {isa = PBXFileReference; lastKnownFileType = sourcecode.c.h; path = "ThermalMonitor-Bridging-Header.h"; sourceTree = "<group>"; };
		00EB72BC249687E200B9581B /* CPUTempHandler.swift */ = {isa = PBXFileReference; lastKnownFileType = sourcecode.swift; path = CPUTempHandler.swift; sourceTree = "<group>"; };
/* End PBXFileReference section */

/* Begin PBXFrameworksBuildPhase section */
		003747B8248A2C170005CEC0 /* Frameworks */ = {
			isa = PBXFrameworksBuildPhase;
			buildActionMask = 2147483647;
			files = (
			);
			runOnlyForDeploymentPostprocessing = 0;
		};
/* End PBXFrameworksBuildPhase section */

/* Begin PBXGroup section */
		003747B2248A2C170005CEC0 = {
			isa = PBXGroup;
			children = (
				003747BD248A2C170005CEC0 /* ThermalMonitor */,
				003747BC248A2C170005CEC0 /* Products */,
			);
			sourceTree = "<group>";
		};
		003747BC248A2C170005CEC0 /* Products */ = {
			isa = PBXGroup;
			children = (
				003747BB248A2C170005CEC0 /* ThermalMonitor.app */,
			);
			name = Products;
			sourceTree = "<group>";
		};
		003747BD248A2C170005CEC0 /* ThermalMonitor */ = {
			isa = PBXGroup;
			children = (
				00EB72BB24967CF900B9581B /* SMC */,
				003747BE248A2C170005CEC0 /* AppDelegate.swift */,
				003747C2248A2C180005CEC0 /* Assets.xcassets */,
				003747C4248A2C180005CEC0 /* Main.storyboard */,
				003747C7248A2C180005CEC0 /* Info.plist */,
				00EB72BC249687E200B9581B /* CPUTempHandler.swift */,
				003747C8248A2C180005CEC0 /* ThermalMonitor.entitlements */,
				003747D6248AB42D0005CEC0 /* BackgroundTimer.swift */,
				003747F4248ABCD00005CEC0 /* SMCObjC.h */,
				003747F1248ABC810005CEC0 /* SMCObjC.m */,
				003747F9248AC1580005CEC0 /* ThermalMonitor-Bridging-Header.h */,
			);
			path = ThermalMonitor;
			sourceTree = "<group>";
		};
		00EB72BB24967CF900B9581B /* SMC */ = {
			isa = PBXGroup;
			children = (
				003747EC248AB9540005CEC0 /* smc.h */,
				003747ED248AB9540005CEC0 /* smc.c */,
			);
			path = SMC;
			sourceTree = "<group>";
		};
/* End PBXGroup section */

/* Begin PBXNativeTarget section */
		003747BA248A2C170005CEC0 /* ThermalMonitor */ = {
			isa = PBXNativeTarget;
			buildConfigurationList = 003747CB248A2C180005CEC0 /* Build configuration list for PBXNativeTarget "ThermalMonitor" */;
			buildPhases = (
				003747B7248A2C170005CEC0 /* Sources */,
				003747B8248A2C170005CEC0 /* Frameworks */,
				003747B9248A2C170005CEC0 /* Resources */,
				003747EB248AB7600005CEC0 /* Embed XPC Services */,
			);
			buildRules = (
			);
			dependencies = (
			);
			name = ThermalMonitor;
			productName = ThermalMonitor;
			productReference = 003747BB248A2C170005CEC0 /* ThermalMonitor.app */;
			productType = "com.apple.product-type.application";
		};
/* End PBXNativeTarget section */

/* Begin PBXProject section */
		003747B3248A2C170005CEC0 /* Project object */ = {
			isa = PBXProject;
			attributes = {
				LastSwiftUpdateCheck = 1150;
				LastUpgradeCheck = 1150;
				ORGANIZATIONNAME = Edfood;
				TargetAttributes = {
					003747BA248A2C170005CEC0 = {
						CreatedOnToolsVersion = 11.5;
						LastSwiftMigration = 1150;
					};
				};
			};
			buildConfigurationList = 003747B6248A2C170005CEC0 /* Build configuration list for PBXProject "ThermalMonitor" */;
			compatibilityVersion = "Xcode 9.3";
			developmentRegion = en;
			hasScannedForEncodings = 0;
			knownRegions = (
				en,
				Base,
			);
			mainGroup = 003747B2248A2C170005CEC0;
			productRefGroup = 003747BC248A2C170005CEC0 /* Products */;
			projectDirPath = "";
			projectRoot = "";
			targets = (
				003747BA248A2C170005CEC0 /* ThermalMonitor */,
			);
		};
/* End PBXProject section */

/* Begin PBXResourcesBuildPhase section */
		003747B9248A2C170005CEC0 /* Resources */ = {
			isa = PBXResourcesBuildPhase;
			buildActionMask = 2147483647;
			files = (
				003747C3248A2C180005CEC0 /* Assets.xcassets in Resources */,
				003747C6248A2C180005CEC0 /* Main.storyboard in Resources */,
			);
			runOnlyForDeploymentPostprocessing = 0;
		};
/* End PBXResourcesBuildPhase section */

/* Begin PBXSourcesBuildPhase section */
		003747B7248A2C170005CEC0 /* Sources */ = {
			isa = PBXSourcesBuildPhase;
			buildActionMask = 2147483647;
			files = (
				003747F2248ABC810005CEC0 /* SMCObjC.m in Sources */,
				003747D7248AB42D0005CEC0 /* BackgroundTimer.swift in Sources */,
				00EB72BD249687E200B9581B /* CPUTempHandler.swift in Sources */,
				003747EE248AB9540005CEC0 /* smc.c in Sources */,
				003747BF248A2C170005CEC0 /* AppDelegate.swift in Sources */,
			);
			runOnlyForDeploymentPostprocessing = 0;
		};
/* End PBXSourcesBuildPhase section */

/* Begin PBXVariantGroup section */
		003747C4248A2C180005CEC0 /* Main.storyboard */ = {
			isa = PBXVariantGroup;
			children = (
				003747C5248A2C180005CEC0 /* Base */,
			);
			name = Main.storyboard;
			sourceTree = "<group>";
		};
/* End PBXVariantGroup section */

/* Begin XCBuildConfiguration section */
		003747C9248A2C180005CEC0 /* Debug */ = {
			isa = XCBuildConfiguration;
			buildSettings = {
				ALWAYS_SEARCH_USER_PATHS = NO;
				CLANG_ANALYZER_NONNULL = YES;
				CLANG_ANALYZER_NUMBER_OBJECT_CONVERSION = YES_AGGRESSIVE;
				CLANG_CXX_LANGUAGE_STANDARD = "gnu++14";
				CLANG_CXX_LIBRARY = "libc++";
				CLANG_ENABLE_MODULES = YES;
				CLANG_ENABLE_OBJC_ARC = YES;
				CLANG_ENABLE_OBJC_WEAK = YES;
				CLANG_WARN_BLOCK_CAPTURE_AUTORELEASING = YES;
				CLANG_WARN_BOOL_CONVERSION = YES;
				CLANG_WARN_COMMA = YES;
				CLANG_WARN_CONSTANT_CONVERSION = YES;
				CLANG_WARN_DEPRECATED_OBJC_IMPLEMENTATIONS = YES;
				CLANG_WARN_DIRECT_OBJC_ISA_USAGE = YES_ERROR;
				CLANG_WARN_DOCUMENTATION_COMMENTS = YES;
				CLANG_WARN_EMPTY_BODY = YES;
				CLANG_WARN_ENUM_CONVERSION = YES;
				CLANG_WARN_INFINITE_RECURSION = YES;
				CLANG_WARN_INT_CONVERSION = YES;
				CLANG_WARN_NON_LITERAL_NULL_CONVERSION = YES;
				CLANG_WARN_OBJC_IMPLICIT_RETAIN_SELF = YES;
				CLANG_WARN_OBJC_LITERAL_CONVERSION = YES;
				CLANG_WARN_OBJC_ROOT_CLASS = YES_ERROR;
				CLANG_WARN_RANGE_LOOP_ANALYSIS = YES;
				CLANG_WARN_STRICT_PROTOTYPES = YES;
				CLANG_WARN_SUSPICIOUS_MOVE = YES;
				CLANG_WARN_UNGUARDED_AVAILABILITY = YES_AGGRESSIVE;
				CLANG_WARN_UNREACHABLE_CODE = YES;
				CLANG_WARN__DUPLICATE_METHOD_MATCH = YES;
				COPY_PHASE_STRIP = NO;
				DEBUG_INFORMATION_FORMAT = dwarf;
				ENABLE_STRICT_OBJC_MSGSEND = YES;
				ENABLE_TESTABILITY = YES;
				GCC_C_LANGUAGE_STANDARD = gnu11;
				GCC_DYNAMIC_NO_PIC = NO;
				GCC_NO_COMMON_BLOCKS = YES;
				GCC_OPTIMIZATION_LEVEL = 0;
				GCC_PREPROCESSOR_DEFINITIONS = (
					"DEBUG=1",
					"$(inherited)",
				);
				GCC_WARN_64_TO_32_BIT_CONVERSION = YES;
				GCC_WARN_ABOUT_RETURN_TYPE = YES_ERROR;
				GCC_WARN_UNDECLARED_SELECTOR = YES;
				GCC_WARN_UNINITIALIZED_AUTOS = YES_AGGRESSIVE;
				GCC_WARN_UNUSED_FUNCTION = YES;
				GCC_WARN_UNUSED_VARIABLE = YES;
				MACOSX_DEPLOYMENT_TARGET = 10.15;
				MTL_ENABLE_DEBUG_INFO = INCLUDE_SOURCE;
				MTL_FAST_MATH = YES;
				ONLY_ACTIVE_ARCH = YES;
				SDKROOT = macosx;
				SWIFT_ACTIVE_COMPILATION_CONDITIONS = DEBUG;
				SWIFT_OPTIMIZATION_LEVEL = "-Onone";
			};
			name = Debug;
		};
		003747CA248A2C180005CEC0 /* Release */ = {
			isa = XCBuildConfiguration;
			buildSettings = {
				ALWAYS_SEARCH_USER_PATHS = NO;
				CLANG_ANALYZER_NONNULL = YES;
				CLANG_ANALYZER_NUMBER_OBJECT_CONVERSION = YES_AGGRESSIVE;
				CLANG_CXX_LANGUAGE_STANDARD = "gnu++14";
				CLANG_CXX_LIBRARY = "libc++";
				CLANG_ENABLE_MODULES = YES;
				CLANG_ENABLE_OBJC_ARC = YES;
				CLANG_ENABLE_OBJC_WEAK = YES;
				CLANG_WARN_BLOCK_CAPTURE_AUTORELEASING = YES;
				CLANG_WARN_BOOL_CONVERSION = YES;
				CLANG_WARN_COMMA = YES;
				CLANG_WARN_CONSTANT_CONVERSION = YES;
				CLANG_WARN_DEPRECATED_OBJC_IMPLEMENTATIONS = YES;
				CLANG_WARN_DIRECT_OBJC_ISA_USAGE = YES_ERROR;
				CLANG_WARN_DOCUMENTATION_COMMENTS = YES;
				CLANG_WARN_EMPTY_BODY = YES;
				CLANG_WARN_ENUM_CONVERSION = YES;
				CLANG_WARN_INFINITE_RECURSION = YES;
				CLANG_WARN_INT_CONVERSION = YES;
				CLANG_WARN_NON_LITERAL_NULL_CONVERSION = YES;
				CLANG_WARN_OBJC_IMPLICIT_RETAIN_SELF = YES;
				CLANG_WARN_OBJC_LITERAL_CONVERSION = YES;
				CLANG_WARN_OBJC_ROOT_CLASS = YES_ERROR;
				CLANG_WARN_RANGE_LOOP_ANALYSIS = YES;
				CLANG_WARN_STRICT_PROTOTYPES = YES;
				CLANG_WARN_SUSPICIOUS_MOVE = YES;
				CLANG_WARN_UNGUARDED_AVAILABILITY = YES_AGGRESSIVE;
				CLANG_WARN_UNREACHABLE_CODE = YES;
				CLANG_WARN__DUPLICATE_METHOD_MATCH = YES;
				COPY_PHASE_STRIP = NO;
				DEBUG_INFORMATION_FORMAT = "dwarf-with-dsym";
				ENABLE_NS_ASSERTIONS = NO;
				ENABLE_STRICT_OBJC_MSGSEND = YES;
				GCC_C_LANGUAGE_STANDARD = gnu11;
				GCC_NO_COMMON_BLOCKS = YES;
				GCC_WARN_64_TO_32_BIT_CONVERSION = YES;
				GCC_WARN_ABOUT_RETURN_TYPE = YES_ERROR;
				GCC_WARN_UNDECLARED_SELECTOR = YES;
				GCC_WARN_UNINITIALIZED_AUTOS = YES_AGGRESSIVE;
				GCC_WARN_UNUSED_FUNCTION = YES;
				GCC_WARN_UNUSED_VARIABLE = YES;
				MACOSX_DEPLOYMENT_TARGET = 10.15;
				MTL_ENABLE_DEBUG_INFO = NO;
				MTL_FAST_MATH = YES;
				SDKROOT = macosx;
				SWIFT_COMPILATION_MODE = wholemodule;
				SWIFT_OPTIMIZATION_LEVEL = "-O";
			};
			name = Release;
		};
		003747CC248A2C180005CEC0 /* Debug */ = {
			isa = XCBuildConfiguration;
			buildSettings = {
				ASSETCATALOG_COMPILER_APPICON_NAME = AppIcon;
				CLANG_ENABLE_MODULES = YES;
				CODE_SIGN_ENTITLEMENTS = ThermalMonitor/ThermalMonitor.entitlements;
				CODE_SIGN_STYLE = Automatic;
				COMBINE_HIDPI_IMAGES = YES;
				DEFINES_MODULE = YES;
				DEVELOPMENT_TEAM = 2FABX2N3U4;
				ENABLE_HARDENED_RUNTIME = YES;
				INFOPLIST_FILE = ThermalMonitor/Info.plist;
				LD_RUNPATH_SEARCH_PATHS = (
					"$(inherited)",
					"@executable_path/../Frameworks",
				);
				PRODUCT_BUNDLE_IDENTIFIER = com.gmail.kfed542.ThermalMonitor;
				PRODUCT_NAME = "$(TARGET_NAME)";
				SWIFT_OBJC_BRIDGING_HEADER = "$SRCROOT/$PROJECT/$PROJECT-Bridging-Header.h";
				SWIFT_VERSION = 5.0;
			};
			name = Debug;
		};
		003747CD248A2C180005CEC0 /* Release */ = {
			isa = XCBuildConfiguration;
			buildSettings = {
				ASSETCATALOG_COMPILER_APPICON_NAME = AppIcon;
				CLANG_ENABLE_MODULES = YES;
				CODE_SIGN_ENTITLEMENTS = ThermalMonitor/ThermalMonitor.entitlements;
				CODE_SIGN_STYLE = Automatic;
				COMBINE_HIDPI_IMAGES = YES;
				DEFINES_MODULE = YES;
				DEVELOPMENT_TEAM = 2FABX2N3U4;
				ENABLE_HARDENED_RUNTIME = YES;
				INFOPLIST_FILE = ThermalMonitor/Info.plist;
				LD_RUNPATH_SEARCH_PATHS = (
					"$(inherited)",
					"@executable_path/../Frameworks",
				);
				PRODUCT_BUNDLE_IDENTIFIER = com.gmail.kfed542.ThermalMonitor;
				PRODUCT_NAME = "$(TARGET_NAME)";
				SWIFT_OBJC_BRIDGING_HEADER = "$SRCROOT/$PROJECT/$PROJECT-Bridging-Header.h";
				SWIFT_VERSION = 5.0;
			};
			name = Release;
		};
/* End XCBuildConfiguration section */

/* Begin XCConfigurationList section */
		003747B6248A2C170005CEC0 /* Build configuration list for PBXProject "ThermalMonitor" */ = {
			isa = XCConfigurationList;
			buildConfigurations = (
				003747C9248A2C180005CEC0 /* Debug */,
				003747CA248A2C180005CEC0 /* Release */,
			);
			defaultConfigurationIsVisible = 0;
			defaultConfigurationName = Release;
		};
		003747CB248A2C180005CEC0 /* Build configuration list for PBXNativeTarget "ThermalMonitor" */ = {
			isa = XCConfigurationList;
			buildConfigurations = (
				003747CC248A2C180005CEC0 /* Debug */,
				003747CD248A2C180005CEC0 /* Release */,
			);
			defaultConfigurationIsVisible = 0;
			defaultConfigurationName = Release;
		};
/* End XCConfigurationList section */
	};
	rootObject = 003747B3248A2C170005CEC0 /* Project object */;
}
